
Microsoft Visual Studio Solution File, Format Version 12.00
# Visual Studio Version 17
VisualStudioVersion = 17.9.34714.143
MinimumVisualStudioVersion = 10.0.40219.1
Project("{FAE04EC0-301F-11D3-BF4B-00C04F79EFBC}") = "INF-04 Aplikacja Desktopowa", "INF-04 Aplikacja Desktopowa\INF-04 Aplikacja Desktopowa.csproj", "{BC1AC643-0865-4010-904D-5AFC86CA45DB}"
EndProject
Global
	GlobalSection(SolutionConfigurationPlatforms) = preSolution
		Debug|Any CPU = Debug|Any CPU
		Release|Any CPU = Release|Any CPU
	EndGlobalSection
	GlobalSection(ProjectConfigurationPlatforms) = postSolution
		{BC1AC643-0865-4010-904D-5AFC86CA45DB}.Debug|Any CPU.ActiveCfg = Debug|Any CPU
		{BC1AC643-0865-4010-904D-5AFC86CA45DB}.Debug|Any CPU.Build.0 = Debug|Any CPU
		{BC1AC643-0865-4010-904D-5AFC86CA45DB}.Release|Any CPU.ActiveCfg = Release|Any CPU
		{BC1AC643-0865-4010-904D-5AFC86CA45DB}.Release|Any CPU.Build.0 = Release|Any CPU
	EndGlobalSection
	GlobalSection(SolutionProperties) = preSolution
		HideSolutionNode = FALSE
	EndGlobalSection
	GlobalSection(ExtensibilityGlobals) = postSolution
		SolutionGuid = {D16E7C90-9EB4-43EB-80FC-012EA19E498C}
	EndGlobalSection
EndGlobal
